
Microsoft Visual Studio Solution File, Format Version 12.00
# Visual Studio Version 17
VisualStudioVersion = 17.3.32825.248
MinimumVisualStudioVersion = 10.0.40219.1
Project("{FAE04EC0-301F-11D3-BF4B-00C04F79EFBC}") = "sept5th", "sept5th.csproj", "{4D44D3A4-BB3D-457C-BF65-B7F2B2F1804F}"
EndProject
Global
	GlobalSection(SolutionConfigurationPlatforms) = preSolution
		Debug|Any CPU = Debug|Any CPU
		Release|Any CPU = Release|Any CPU
	EndGlobalSection
	GlobalSection(ProjectConfigurationPlatforms) = postSolution
		{4D44D3A4-BB3D-457C-BF65-B7F2B2F1804F}.Debug|Any CPU.ActiveCfg = Debug|Any CPU
		{4D44D3A4-BB3D-457C-BF65-B7F2B2F1804F}.Debug|Any CPU.Build.0 = Debug|Any CPU
		{4D44D3A4-BB3D-457C-BF65-B7F2B2F1804F}.Release|Any CPU.ActiveCfg = Release|Any CPU
		{4D44D3A4-BB3D-457C-BF65-B7F2B2F1804F}.Release|Any CPU.Build.0 = Release|Any CPU
	EndGlobalSection
	GlobalSection(SolutionProperties) = preSolution
		HideSolutionNode = FALSE
	EndGlobalSection
	GlobalSection(ExtensibilityGlobals) = postSolution
		SolutionGuid = {AC3CCC26-4AA4-4D63-B0FC-9FF783AFCCE8}
	EndGlobalSection
EndGlobal
