
Microsoft Visual Studio Solution File, Format Version 12.00
# Visual Studio Version 17
VisualStudioVersion = 17.3.32819.101
MinimumVisualStudioVersion = 10.0.40219.1
Project("{FAE04EC0-301F-11D3-BF4B-00C04F79EFBC}") = "25thaug", "25thaug.csproj", "{F5EF66DB-1A32-4229-9A7E-197366B1C0EC}"
EndProject
Global
	GlobalSection(SolutionConfigurationPlatforms) = preSolution
		Debug|Any CPU = Debug|Any CPU
		Release|Any CPU = Release|Any CPU
	EndGlobalSection
	GlobalSection(ProjectConfigurationPlatforms) = postSolution
		{F5EF66DB-1A32-4229-9A7E-197366B1C0EC}.Debug|Any CPU.ActiveCfg = Debug|Any CPU
		{F5EF66DB-1A32-4229-9A7E-197366B1C0EC}.Debug|Any CPU.Build.0 = Debug|Any CPU
		{F5EF66DB-1A32-4229-9A7E-197366B1C0EC}.Release|Any CPU.ActiveCfg = Release|Any CPU
		{F5EF66DB-1A32-4229-9A7E-197366B1C0EC}.Release|Any CPU.Build.0 = Release|Any CPU
	EndGlobalSection
	GlobalSection(SolutionProperties) = preSolution
		HideSolutionNode = FALSE
	EndGlobalSection
	GlobalSection(ExtensibilityGlobals) = postSolution
		SolutionGuid = {F8F7CC9B-90CF-4EA1-A469-D3DE1EFBC15F}
	EndGlobalSection
EndGlobal
