
Microsoft Visual Studio Solution File, Format Version 12.00
# Visual Studio Version 17
VisualStudioVersion = 17.3.32819.101
MinimumVisualStudioVersion = 10.0.40219.1
Project("{FAE04EC0-301F-11D3-BF4B-00C04F79EFBC}") = "22nd aug", "22nd aug.csproj", "{9922F487-75E7-41BC-9A10-8EA719E1123F}"
EndProject
Global
	GlobalSection(SolutionConfigurationPlatforms) = preSolution
		Debug|Any CPU = Debug|Any CPU
		Release|Any CPU = Release|Any CPU
	EndGlobalSection
	GlobalSection(ProjectConfigurationPlatforms) = postSolution
		{9922F487-75E7-41BC-9A10-8EA719E1123F}.Debug|Any CPU.ActiveCfg = Debug|Any CPU
		{9922F487-75E7-41BC-9A10-8EA719E1123F}.Debug|Any CPU.Build.0 = Debug|Any CPU
		{9922F487-75E7-41BC-9A10-8EA719E1123F}.Release|Any CPU.ActiveCfg = Release|Any CPU
		{9922F487-75E7-41BC-9A10-8EA719E1123F}.Release|Any CPU.Build.0 = Release|Any CPU
	EndGlobalSection
	GlobalSection(SolutionProperties) = preSolution
		HideSolutionNode = FALSE
	EndGlobalSection
	GlobalSection(ExtensibilityGlobals) = postSolution
		SolutionGuid = {91D5E149-290A-42A3-B713-9ED6E7B2BD2D}
	EndGlobalSection
EndGlobal
